<?xml version="1.0" encoding="utf-8"?>
<Project ToolsVersion="4.0" xmlns="http://schemas.microsoft.com/developer/msbuild/2003">
  <ItemGroup>
    <Filter Include="Resource Files">
      <UniqueIdentifier>{67DA6AB6-F800-4c08-8B7A-83BB121AAD01}</UniqueIdentifier>
      <Extensions>rc;ico;cur;bmp;dlg;rc2;rct;bin;rgs;gif;jpg;jpeg;jpe;resx;tiff;tif;png;wav;mfcribbon-ms</Extensions>
    </Filter>
    <Filter Include="Include">
      <UniqueIdentifier>{f2592ae8-fb44-49c9-adcf-7ab9fee2108e}</UniqueIdentifier>
    </Filter>
    <Filter Include="Source">
      <UniqueIdentifier>{e9a7c77f-bf4d-4ffd-826c-6cc6444e73b3}</UniqueIdentifier>
    </Filter>
  </ItemGroup>
  <ItemGroup>
    <ClInclude Include="Include\Memory.h">
      <Filter>Include</Filter>
    </ClInclude>
    <ClInclude Include="Include\Word.h">
      <Filter>Include</Filter>
    </ClInclude>
    <ClInclude Include="Include\HardLocation.h">
      <Filter>Include</Filter>
    </ClInclude>
    <ClInclude Include="Include\ISerializable.h">
      <Filter>Include</Filter>
    </ClInclude>
    <ClInclude Include="Include\Sphere.h">
      <Filter>Include</Filter>
    </ClInclude>
    <ClInclude Include="Include\Common.h">
      <Filter>Include</Filter>
    </ClInclude>
    <ClInclude Include="Include\DArray.h">
      <Filter>Include</Filter>
    </ClInclude>
  </ItemGroup>
  <ItemGroup>
    <ClCompile Include="Source\Memory.cpp">
      <Filter>Source</Filter>
    </ClCompile>
    <ClCompile Include="Source\HardLocation.cpp">
      <Filter>Source</Filter>
    </ClCompile>
    <ClCompile Include="Source\Word.cpp">
      <Filter>Source</Filter>
    </ClCompile>
    <ClCompile Include="Source\Common.cpp">
      <Filter>Source</Filter>
    </ClCompile>
  </ItemGroup>
</Project>